
Microsoft Visual Studio Solution File, Format Version 12.00
Project("{FAE04EC0-301F-11D3-BF4B-00C04F79EFBC}") = "PM-API", "PM-API\PM-API.csproj", "{98044E72-78FA-4512-A523-AFCD969E3F77}"
EndProject
Project("{FAE04EC0-301F-11D3-BF4B-00C04F79EFBC}") = "PM-Infrastructure", "PM-Infrastructure\PM-Infrastructure.csproj", "{AE5BF902-1D20-4AFC-83EC-42E31A64CA90}"
EndProject
Project("{FAE04EC0-301F-11D3-BF4B-00C04F79EFBC}") = "PM-Application", "PM-Application\PM-Application.csproj", "{31D935CB-C6C3-4F20-8FE1-0A66C532485D}"
EndProject
Project("{FAE04EC0-301F-11D3-BF4B-00C04F79EFBC}") = "PM-Domain", "PM-Domain\PM-Domain.csproj", "{6CA248C2-E40B-46EA-83CF-1854D389ED37}"
EndProject
Project("{FAE04EC0-301F-11D3-BF4B-00C04F79EFBC}") = "PM-Security", "PM-Security\PM-Security.csproj", "{6E7CD471-ED2A-4325-864A-E54C666E784D}"
EndProject
Global
	GlobalSection(SolutionConfigurationPlatforms) = preSolution
		Debug|Any CPU = Debug|Any CPU
		Release|Any CPU = Release|Any CPU
	EndGlobalSection
	GlobalSection(ProjectConfigurationPlatforms) = postSolution
		{98044E72-78FA-4512-A523-AFCD969E3F77}.Debug|Any CPU.ActiveCfg = Debug|Any CPU
		{98044E72-78FA-4512-A523-AFCD969E3F77}.Debug|Any CPU.Build.0 = Debug|Any CPU
		{98044E72-78FA-4512-A523-AFCD969E3F77}.Release|Any CPU.ActiveCfg = Release|Any CPU
		{98044E72-78FA-4512-A523-AFCD969E3F77}.Release|Any CPU.Build.0 = Release|Any CPU
		{AE5BF902-1D20-4AFC-83EC-42E31A64CA90}.Debug|Any CPU.ActiveCfg = Debug|Any CPU
		{AE5BF902-1D20-4AFC-83EC-42E31A64CA90}.Debug|Any CPU.Build.0 = Debug|Any CPU
		{AE5BF902-1D20-4AFC-83EC-42E31A64CA90}.Release|Any CPU.ActiveCfg = Release|Any CPU
		{AE5BF902-1D20-4AFC-83EC-42E31A64CA90}.Release|Any CPU.Build.0 = Release|Any CPU
		{31D935CB-C6C3-4F20-8FE1-0A66C532485D}.Debug|Any CPU.ActiveCfg = Debug|Any CPU
		{31D935CB-C6C3-4F20-8FE1-0A66C532485D}.Debug|Any CPU.Build.0 = Debug|Any CPU
		{31D935CB-C6C3-4F20-8FE1-0A66C532485D}.Release|Any CPU.ActiveCfg = Release|Any CPU
		{31D935CB-C6C3-4F20-8FE1-0A66C532485D}.Release|Any CPU.Build.0 = Release|Any CPU
		{6CA248C2-E40B-46EA-83CF-1854D389ED37}.Debug|Any CPU.ActiveCfg = Debug|Any CPU
		{6CA248C2-E40B-46EA-83CF-1854D389ED37}.Debug|Any CPU.Build.0 = Debug|Any CPU
		{6CA248C2-E40B-46EA-83CF-1854D389ED37}.Release|Any CPU.ActiveCfg = Release|Any CPU
		{6CA248C2-E40B-46EA-83CF-1854D389ED37}.Release|Any CPU.Build.0 = Release|Any CPU
		{6E7CD471-ED2A-4325-864A-E54C666E784D}.Debug|Any CPU.ActiveCfg = Debug|Any CPU
		{6E7CD471-ED2A-4325-864A-E54C666E784D}.Debug|Any CPU.Build.0 = Debug|Any CPU
		{6E7CD471-ED2A-4325-864A-E54C666E784D}.Release|Any CPU.ActiveCfg = Release|Any CPU
		{6E7CD471-ED2A-4325-864A-E54C666E784D}.Release|Any CPU.Build.0 = Release|Any CPU
	EndGlobalSection
EndGlobal
